
Microsoft Visual Studio Solution File, Format Version 12.00
# Visual Studio 15
VisualStudioVersion = 15.0.28307.1000
MinimumVisualStudioVersion = 10.0.40219.1
Project("{E24C65DC-7377-472B-9ABA-BC803B73C61A}") = "AspDotNetWebsite", "AspDotNetWebsite\", "{A8C2EA75-67B1-401E-9E03-C7BC92FA1993}"
	ProjectSection(WebsiteProperties) = preProject
		TargetFrameworkMoniker = ".NETFramework,Version%3Dv4.6.1"
		Debug.AspNetCompiler.VirtualPath = "/localhost_59546"
		Debug.AspNetCompiler.PhysicalPath = "AspDotNetWebsite\"
		Debug.AspNetCompiler.TargetPath = "PrecompiledWeb\localhost_59546\"
		Debug.AspNetCompiler.Updateable = "true"
		Debug.AspNetCompiler.ForceOverwrite = "true"
		Debug.AspNetCompiler.FixedNames = "false"
		Debug.AspNetCompiler.Debug = "True"
		Release.AspNetCompiler.VirtualPath = "/localhost_59546"
		Release.AspNetCompiler.PhysicalPath = "AspDotNetWebsite\"
		Release.AspNetCompiler.TargetPath = "PrecompiledWeb\localhost_59546\"
		Release.AspNetCompiler.Updateable = "true"
		Release.AspNetCompiler.ForceOverwrite = "true"
		Release.AspNetCompiler.FixedNames = "false"
		Release.AspNetCompiler.Debug = "False"
		VWDPort = "59546"
		SlnRelativePath = "AspDotNetWebsite\"
		DefaultWebSiteLanguage = "Visual Basic"
	EndProjectSection
EndProject
Global
	GlobalSection(SolutionConfigurationPlatforms) = preSolution
		Debug|Any CPU = Debug|Any CPU
	EndGlobalSection
	GlobalSection(ProjectConfigurationPlatforms) = postSolution
		{A8C2EA75-67B1-401E-9E03-C7BC92FA1993}.Debug|Any CPU.ActiveCfg = Debug|Any CPU
		{A8C2EA75-67B1-401E-9E03-C7BC92FA1993}.Debug|Any CPU.Build.0 = Debug|Any CPU
	EndGlobalSection
	GlobalSection(SolutionProperties) = preSolution
		HideSolutionNode = FALSE
	EndGlobalSection
	GlobalSection(ExtensibilityGlobals) = postSolution
		SolutionGuid = {F8277A4A-C5DF-449F-B2BF-C1B163E3B560}
	EndGlobalSection
EndGlobal
